// !$*UTF8*$!
{
	archiveVersion = 1;
	classes = {
	};
	objectVersion = 51;
	objects = {

/* Begin PBXBuildFile section */
		1E16408D252B340700B37DD6 /* ThemesPickerDelegate.swift in Sources */ = {isa = PBXBuildFile; fileRef = 1E16408C252B340700B37DD6 /* ThemesPickerDelegate.swift */; };
		1E16408F252BA55D00B37DD6 /* ThemesManager.swift in Sources */ = {isa = PBXBuildFile; fileRef = 1E16408E252BA55D00B37DD6 /* ThemesManager.swift */; };
		1E164095252E7A1A00B37DD6 /* RootNavigationController.swift in Sources */ = {isa = PBXBuildFile; fileRef = 1E164094252E7A1A00B37DD6 /* RootNavigationController.swift */; };
		1E1ECB6C2546DCA800A13FF7 /* CoreDataStack.swift in Sources */ = {isa = PBXBuildFile; fileRef = 1E1ECB6B2546DCA800A13FF7 /* CoreDataStack.swift */; };
		1E1ECB6F2546DCCB00A13FF7 /* Chat.xcdatamodeld in Sources */ = {isa = PBXBuildFile; fileRef = 1E1ECB6D2546DCCB00A13FF7 /* Chat.xcdatamodeld */; };
		1E1ECB7D2546E69700A13FF7 /* MessageDB.swift in Sources */ = {isa = PBXBuildFile; fileRef = 1E1ECB7C2546E69700A13FF7 /* MessageDB.swift */; };
		1E1ECB7F2546E6A100A13FF7 /* ChannelDB.swift in Sources */ = {isa = PBXBuildFile; fileRef = 1E1ECB7E2546E6A100A13FF7 /* ChannelDB.swift */; };
		1E30F11D250B944100DDF8DC /* AppDelegate.swift in Sources */ = {isa = PBXBuildFile; fileRef = 1E30F11C250B944100DDF8DC /* AppDelegate.swift */; };
		1E30F121250B944100DDF8DC /* ProfileViewController.swift in Sources */ = {isa = PBXBuildFile; fileRef = 1E30F120250B944100DDF8DC /* ProfileViewController.swift */; };
		1E30F124250B944100DDF8DC /* ProfileViewController.storyboard in Resources */ = {isa = PBXBuildFile; fileRef = 1E30F122250B944100DDF8DC /* ProfileViewController.storyboard */; };
		1E30F126250B944700DDF8DC /* Assets.xcassets in Resources */ = {isa = PBXBuildFile; fileRef = 1E30F125250B944700DDF8DC /* Assets.xcassets */; };
		1E30F129250B944700DDF8DC /* LaunchScreen.storyboard in Resources */ = {isa = PBXBuildFile; fileRef = 1E30F127250B944700DDF8DC /* LaunchScreen.storyboard */; };
		1E4686B1254043A700EFF407 /* Message.swift in Sources */ = {isa = PBXBuildFile; fileRef = 1E4686B0254043A700EFF407 /* Message.swift */; };
		1E4686B32540C05A00EFF407 /* KeyboardInfo.swift in Sources */ = {isa = PBXBuildFile; fileRef = 1E4686B22540C05900EFF407 /* KeyboardInfo.swift */; };
		1E4686B52540D72900EFF407 /* FirestoreDataProvider.swift in Sources */ = {isa = PBXBuildFile; fileRef = 1E4686B42540D72900EFF407 /* FirestoreDataProvider.swift */; };
		1E4686B72540EB4900EFF407 /* ProfileImagePickerController.swift in Sources */ = {isa = PBXBuildFile; fileRef = 1E4686B62540EB4900EFF407 /* ProfileImagePickerController.swift */; };
		1E4686B92540EE4400EFF407 /* ProfileEditImageAlertController.swift in Sources */ = {isa = PBXBuildFile; fileRef = 1E4686B82540EE4400EFF407 /* ProfileEditImageAlertController.swift */; };
		1E48E60F2534CA9000455C27 /* GCDDataManager.swift in Sources */ = {isa = PBXBuildFile; fileRef = 1E48E60E2534CA9000455C27 /* GCDDataManager.swift */; };
		1E48E6112534CAA400455C27 /* OperationDataManager.swift in Sources */ = {isa = PBXBuildFile; fileRef = 1E48E6102534CAA400455C27 /* OperationDataManager.swift */; };
		1E49C018253781A30025BB36 /* UITextField+Extensions.swift in Sources */ = {isa = PBXBuildFile; fileRef = 1E49C017253781A30025BB36 /* UITextField+Extensions.swift */; };
		1E5FFB192524A67900F8187A /* Profile.swift in Sources */ = {isa = PBXBuildFile; fileRef = 1E5FFB182524A67900F8187A /* Profile.swift */; };
		1E5FFB1B2527374000F8187A /* ThemesViewController.swift in Sources */ = {isa = PBXBuildFile; fileRef = 1E5FFB1A2527374000F8187A /* ThemesViewController.swift */; };
		1E5FFB212527566800F8187A /* ThemesViewController.storyboard in Resources */ = {isa = PBXBuildFile; fileRef = 1E5FFB202527566800F8187A /* ThemesViewController.storyboard */; };
		1E676A4E251DF28500E98C42 /* ConversationsListViewController.storyboard in Resources */ = {isa = PBXBuildFile; fileRef = 1E676A4D251DF28500E98C42 /* ConversationsListViewController.storyboard */; };
		1E676A51251DF38E00E98C42 /* ConversationCell.swift in Sources */ = {isa = PBXBuildFile; fileRef = 1E676A4F251DF38E00E98C42 /* ConversationCell.swift */; };
		1E676A52251DF38E00E98C42 /* ConversationCell.xib in Resources */ = {isa = PBXBuildFile; fileRef = 1E676A50251DF38E00E98C42 /* ConversationCell.xib */; };
		1E676A56251DF48200E98C42 /* ConversationsListViewController.swift in Sources */ = {isa = PBXBuildFile; fileRef = 1E676A55251DF48200E98C42 /* ConversationsListViewController.swift */; };
		1E6B8FC2250E319800A5632E /* Logger.swift in Sources */ = {isa = PBXBuildFile; fileRef = 1E6B8FC1250E319800A5632E /* Logger.swift */; };
		1E772F8C2537973C001A5F8A /* ProfileDataManagerProtocol.swift in Sources */ = {isa = PBXBuildFile; fileRef = 1E772F8B2537973C001A5F8A /* ProfileDataManagerProtocol.swift */; };
		1E772F8E25379D38001A5F8A /* UIAlertController+Extensions.swift in Sources */ = {isa = PBXBuildFile; fileRef = 1E772F8D25379D38001A5F8A /* UIAlertController+Extensions.swift */; };
		1EA44026251534BD00BFC316 /* Roboto-Regular.ttf in Resources */ = {isa = PBXBuildFile; fileRef = 1EA44025251534BD00BFC316 /* Roboto-Regular.ttf */; };
		1EB5D48F25488CA800D31945 /* Array+Extensions.swift in Sources */ = {isa = PBXBuildFile; fileRef = 1EB5D48E25488CA800D31945 /* Array+Extensions.swift */; };
		1EB5D4912548A8EE00D31945 /* NSManagedObjectDescriptionProtocol.swift in Sources */ = {isa = PBXBuildFile; fileRef = 1EB5D4902548A8EE00D31945 /* NSManagedObjectDescriptionProtocol.swift */; };
		1EB5D4962549EBAD00D31945 /* GoogleService-Info.plist in Resources */ = {isa = PBXBuildFile; fileRef = 1EB5D4952549EBAD00D31945 /* GoogleService-Info.plist */; };
		1EBEF38E251E255900F6E541 /* ConfigurableView.swift in Sources */ = {isa = PBXBuildFile; fileRef = 1EBEF38D251E255900F6E541 /* ConfigurableView.swift */; };
		1EBEF39425212DF100F6E541 /* ConversationViewController.storyboard in Resources */ = {isa = PBXBuildFile; fileRef = 1EBEF39325212DF100F6E541 /* ConversationViewController.storyboard */; };
		1EBEF39625212E2700F6E541 /* ConversationViewController.swift in Sources */ = {isa = PBXBuildFile; fileRef = 1EBEF39525212E2700F6E541 /* ConversationViewController.swift */; };
		1EBEF39B25212FA000F6E541 /* MessageCell.swift in Sources */ = {isa = PBXBuildFile; fileRef = 1EBEF39925212FA000F6E541 /* MessageCell.swift */; };
		1EBEF39C25212FA000F6E541 /* MessageCell.xib in Resources */ = {isa = PBXBuildFile; fileRef = 1EBEF39A25212FA000F6E541 /* MessageCell.xib */; };
		1EBEF39E252270A200F6E541 /* MessageSectionHeader.swift in Sources */ = {isa = PBXBuildFile; fileRef = 1EBEF39D252270A200F6E541 /* MessageSectionHeader.swift */; };
		1EBEF3A02522724300F6E541 /* MessageSectionHeader.xib in Resources */ = {isa = PBXBuildFile; fileRef = 1EBEF39F2522724300F6E541 /* MessageSectionHeader.xib */; };
		1ECC481D253DB60900789DDA /* InputBarView.xib in Resources */ = {isa = PBXBuildFile; fileRef = 1ECC481C253DB60900789DDA /* InputBarView.xib */; };
		1ECC481F253DEAD200789DDA /* InputBarView.swift in Sources */ = {isa = PBXBuildFile; fileRef = 1ECC481E253DEAD200789DDA /* InputBarView.swift */; };
		1ECC4821253EF51900789DDA /* Channel.swift in Sources */ = {isa = PBXBuildFile; fileRef = 1ECC4820253EF51900789DDA /* Channel.swift */; };
		752F8ED2E20B2747BFC181A7 /* Pods_ChatApp.framework in Frameworks */ = {isa = PBXBuildFile; fileRef = 8DCB4E99DBAA6BC84E6E2D2E /* Pods_ChatApp.framework */; };
/* End PBXBuildFile section */

/* Begin PBXFileReference section */
		1E16408C252B340700B37DD6 /* ThemesPickerDelegate.swift */ = {isa = PBXFileReference; lastKnownFileType = sourcecode.swift; path = ThemesPickerDelegate.swift; sourceTree = "<group>"; };
		1E16408E252BA55D00B37DD6 /* ThemesManager.swift */ = {isa = PBXFileReference; lastKnownFileType = sourcecode.swift; path = ThemesManager.swift; sourceTree = "<group>"; };
		1E164094252E7A1A00B37DD6 /* RootNavigationController.swift */ = {isa = PBXFileReference; lastKnownFileType = sourcecode.swift; path = RootNavigationController.swift; sourceTree = "<group>"; };
		1E1ECB6B2546DCA800A13FF7 /* CoreDataStack.swift */ = {isa = PBXFileReference; lastKnownFileType = sourcecode.swift; path = CoreDataStack.swift; sourceTree = "<group>"; };
		1E1ECB6E2546DCCB00A13FF7 /* Chat.xcdatamodel */ = {isa = PBXFileReference; lastKnownFileType = wrapper.xcdatamodel; path = Chat.xcdatamodel; sourceTree = "<group>"; };
		1E1ECB7C2546E69700A13FF7 /* MessageDB.swift */ = {isa = PBXFileReference; lastKnownFileType = sourcecode.swift; path = MessageDB.swift; sourceTree = "<group>"; };
		1E1ECB7E2546E6A100A13FF7 /* ChannelDB.swift */ = {isa = PBXFileReference; lastKnownFileType = sourcecode.swift; path = ChannelDB.swift; sourceTree = "<group>"; };
		1E30F119250B944100DDF8DC /* ChatApp.app */ = {isa = PBXFileReference; explicitFileType = wrapper.application; includeInIndex = 0; path = ChatApp.app; sourceTree = BUILT_PRODUCTS_DIR; };
		1E30F11C250B944100DDF8DC /* AppDelegate.swift */ = {isa = PBXFileReference; lastKnownFileType = sourcecode.swift; path = AppDelegate.swift; sourceTree = "<group>"; };
		1E30F120250B944100DDF8DC /* ProfileViewController.swift */ = {isa = PBXFileReference; lastKnownFileType = sourcecode.swift; path = ProfileViewController.swift; sourceTree = "<group>"; };
		1E30F123250B944100DDF8DC /* Base */ = {isa = PBXFileReference; lastKnownFileType = file.storyboard; name = Base; path = Base.lproj/ProfileViewController.storyboard; sourceTree = "<group>"; };
		1E30F125250B944700DDF8DC /* Assets.xcassets */ = {isa = PBXFileReference; lastKnownFileType = folder.assetcatalog; path = Assets.xcassets; sourceTree = "<group>"; };
		1E30F128250B944700DDF8DC /* Base */ = {isa = PBXFileReference; lastKnownFileType = file.storyboard; name = Base; path = Base.lproj/LaunchScreen.storyboard; sourceTree = "<group>"; };
		1E30F12A250B944700DDF8DC /* Info.plist */ = {isa = PBXFileReference; lastKnownFileType = text.plist.xml; path = Info.plist; sourceTree = "<group>"; };
		1E4686B0254043A700EFF407 /* Message.swift */ = {isa = PBXFileReference; lastKnownFileType = sourcecode.swift; path = Message.swift; sourceTree = "<group>"; };
		1E4686B22540C05900EFF407 /* KeyboardInfo.swift */ = {isa = PBXFileReference; lastKnownFileType = sourcecode.swift; path = KeyboardInfo.swift; sourceTree = "<group>"; };
		1E4686B42540D72900EFF407 /* FirestoreDataProvider.swift */ = {isa = PBXFileReference; lastKnownFileType = sourcecode.swift; path = FirestoreDataProvider.swift; sourceTree = "<group>"; };
		1E4686B62540EB4900EFF407 /* ProfileImagePickerController.swift */ = {isa = PBXFileReference; lastKnownFileType = sourcecode.swift; path = ProfileImagePickerController.swift; sourceTree = "<group>"; };
		1E4686B82540EE4400EFF407 /* ProfileEditImageAlertController.swift */ = {isa = PBXFileReference; lastKnownFileType = sourcecode.swift; path = ProfileEditImageAlertController.swift; sourceTree = "<group>"; };
		1E48E60E2534CA9000455C27 /* GCDDataManager.swift */ = {isa = PBXFileReference; lastKnownFileType = sourcecode.swift; path = GCDDataManager.swift; sourceTree = "<group>"; };
		1E48E6102534CAA400455C27 /* OperationDataManager.swift */ = {isa = PBXFileReference; lastKnownFileType = sourcecode.swift; path = OperationDataManager.swift; sourceTree = "<group>"; };
		1E49C017253781A30025BB36 /* UITextField+Extensions.swift */ = {isa = PBXFileReference; lastKnownFileType = sourcecode.swift; path = "UITextField+Extensions.swift"; sourceTree = "<group>"; };
		1E5FFB182524A67900F8187A /* Profile.swift */ = {isa = PBXFileReference; lastKnownFileType = sourcecode.swift; path = Profile.swift; sourceTree = "<group>"; };
		1E5FFB1A2527374000F8187A /* ThemesViewController.swift */ = {isa = PBXFileReference; lastKnownFileType = sourcecode.swift; path = ThemesViewController.swift; sourceTree = "<group>"; };
		1E5FFB202527566800F8187A /* ThemesViewController.storyboard */ = {isa = PBXFileReference; lastKnownFileType = file.storyboard; path = ThemesViewController.storyboard; sourceTree = "<group>"; };
		1E676A4D251DF28500E98C42 /* ConversationsListViewController.storyboard */ = {isa = PBXFileReference; lastKnownFileType = file.storyboard; path = ConversationsListViewController.storyboard; sourceTree = "<group>"; };
		1E676A4F251DF38E00E98C42 /* ConversationCell.swift */ = {isa = PBXFileReference; lastKnownFileType = sourcecode.swift; path = ConversationCell.swift; sourceTree = "<group>"; };
		1E676A50251DF38E00E98C42 /* ConversationCell.xib */ = {isa = PBXFileReference; lastKnownFileType = file.xib; path = ConversationCell.xib; sourceTree = "<group>"; };
		1E676A55251DF48200E98C42 /* ConversationsListViewController.swift */ = {isa = PBXFileReference; lastKnownFileType = sourcecode.swift; path = ConversationsListViewController.swift; sourceTree = "<group>"; };
		1E6B8FC1250E319800A5632E /* Logger.swift */ = {isa = PBXFileReference; lastKnownFileType = sourcecode.swift; path = Logger.swift; sourceTree = "<group>"; };
		1E772F8B2537973C001A5F8A /* ProfileDataManagerProtocol.swift */ = {isa = PBXFileReference; lastKnownFileType = sourcecode.swift; path = ProfileDataManagerProtocol.swift; sourceTree = "<group>"; };
		1E772F8D25379D38001A5F8A /* UIAlertController+Extensions.swift */ = {isa = PBXFileReference; lastKnownFileType = sourcecode.swift; path = "UIAlertController+Extensions.swift"; sourceTree = "<group>"; };
		1EA44025251534BD00BFC316 /* Roboto-Regular.ttf */ = {isa = PBXFileReference; lastKnownFileType = file; path = "Roboto-Regular.ttf"; sourceTree = "<group>"; };
		1EB5D48E25488CA800D31945 /* Array+Extensions.swift */ = {isa = PBXFileReference; lastKnownFileType = sourcecode.swift; path = "Array+Extensions.swift"; sourceTree = "<group>"; };
		1EB5D4902548A8EE00D31945 /* NSManagedObjectDescriptionProtocol.swift */ = {isa = PBXFileReference; lastKnownFileType = sourcecode.swift; path = NSManagedObjectDescriptionProtocol.swift; sourceTree = "<group>"; };
		1EB5D4952549EBAD00D31945 /* GoogleService-Info.plist */ = {isa = PBXFileReference; lastKnownFileType = text.plist.xml; path = "GoogleService-Info.plist"; sourceTree = "<group>"; };
		1EBEF38D251E255900F6E541 /* ConfigurableView.swift */ = {isa = PBXFileReference; lastKnownFileType = sourcecode.swift; path = ConfigurableView.swift; sourceTree = "<group>"; };
		1EBEF39325212DF100F6E541 /* ConversationViewController.storyboard */ = {isa = PBXFileReference; lastKnownFileType = file.storyboard; path = ConversationViewController.storyboard; sourceTree = "<group>"; };
		1EBEF39525212E2700F6E541 /* ConversationViewController.swift */ = {isa = PBXFileReference; lastKnownFileType = sourcecode.swift; path = ConversationViewController.swift; sourceTree = "<group>"; };
		1EBEF39925212FA000F6E541 /* MessageCell.swift */ = {isa = PBXFileReference; lastKnownFileType = sourcecode.swift; path = MessageCell.swift; sourceTree = "<group>"; };
		1EBEF39A25212FA000F6E541 /* MessageCell.xib */ = {isa = PBXFileReference; lastKnownFileType = file.xib; path = MessageCell.xib; sourceTree = "<group>"; };
		1EBEF39D252270A200F6E541 /* MessageSectionHeader.swift */ = {isa = PBXFileReference; lastKnownFileType = sourcecode.swift; path = MessageSectionHeader.swift; sourceTree = "<group>"; };
		1EBEF39F2522724300F6E541 /* MessageSectionHeader.xib */ = {isa = PBXFileReference; lastKnownFileType = file.xib; path = MessageSectionHeader.xib; sourceTree = "<group>"; };
		1ECC481C253DB60900789DDA /* InputBarView.xib */ = {isa = PBXFileReference; lastKnownFileType = file.xib; path = InputBarView.xib; sourceTree = "<group>"; };
		1ECC481E253DEAD200789DDA /* InputBarView.swift */ = {isa = PBXFileReference; lastKnownFileType = sourcecode.swift; path = InputBarView.swift; sourceTree = "<group>"; };
		1ECC4820253EF51900789DDA /* Channel.swift */ = {isa = PBXFileReference; lastKnownFileType = sourcecode.swift; path = Channel.swift; sourceTree = "<group>"; };
		65B2EF8EDC1FD9B0C9FDAD85 /* Pods-ChatApp.debug.xcconfig */ = {isa = PBXFileReference; includeInIndex = 1; lastKnownFileType = text.xcconfig; name = "Pods-ChatApp.debug.xcconfig"; path = "Target Support Files/Pods-ChatApp/Pods-ChatApp.debug.xcconfig"; sourceTree = "<group>"; };
		8DCB4E99DBAA6BC84E6E2D2E /* Pods_ChatApp.framework */ = {isa = PBXFileReference; explicitFileType = wrapper.framework; includeInIndex = 0; path = Pods_ChatApp.framework; sourceTree = BUILT_PRODUCTS_DIR; };
		947D0CA18A80459E53EABE33 /* Pods-ChatApp.release.xcconfig */ = {isa = PBXFileReference; includeInIndex = 1; lastKnownFileType = text.xcconfig; name = "Pods-ChatApp.release.xcconfig"; path = "Target Support Files/Pods-ChatApp/Pods-ChatApp.release.xcconfig"; sourceTree = "<group>"; };
/* End PBXFileReference section */

/* Begin PBXFrameworksBuildPhase section */
		1E30F116250B944100DDF8DC /* Frameworks */ = {
			isa = PBXFrameworksBuildPhase;
			buildActionMask = 2147483647;
			files = (
				752F8ED2E20B2747BFC181A7 /* Pods_ChatApp.framework in Frameworks */,
			);
			runOnlyForDeploymentPostprocessing = 0;
		};
/* End PBXFrameworksBuildPhase section */

/* Begin PBXGroup section */
		1E1ECB802546E8A100A13FF7 /* CoreData */ = {
			isa = PBXGroup;
			children = (
				1E1ECB7C2546E69700A13FF7 /* MessageDB.swift */,
				1EB5D4902548A8EE00D31945 /* NSManagedObjectDescriptionProtocol.swift */,
				1E1ECB7E2546E6A100A13FF7 /* ChannelDB.swift */,
				1E1ECB6B2546DCA800A13FF7 /* CoreDataStack.swift */,
				1E1ECB6D2546DCCB00A13FF7 /* Chat.xcdatamodeld */,
			);
			name = CoreData;
			sourceTree = "<group>";
		};
		1E30F110250B944100DDF8DC = {
			isa = PBXGroup;
			children = (
				1E30F11B250B944100DDF8DC /* ChatApp */,
				1E30F11A250B944100DDF8DC /* Products */,
				708B5A7C57101A52F2ED039B /* Pods */,
				BF24E634F55919F9EB71AE41 /* Frameworks */,
			);
			sourceTree = "<group>";
		};
		1E30F11A250B944100DDF8DC /* Products */ = {
			isa = PBXGroup;
			children = (
				1E30F119250B944100DDF8DC /* ChatApp.app */,
			);
			name = Products;
			sourceTree = "<group>";
		};
		1E30F11B250B944100DDF8DC /* ChatApp */ = {
			isa = PBXGroup;
			children = (
				1E772F8A253796B1001A5F8A /* ProfileDataManager */,
				1E772F9025379E9A001A5F8A /* Themes */,
				1E772F8F25379DB5001A5F8A /* Extensions */,
				1EA4402D25156A8C00BFC316 /* Fonts */,
				1E1ECB802546E8A100A13FF7 /* CoreData */,
				1E46BC242549F63A00DED981 /* Models */,
				1E46BC272549F6DE00DED981 /* Conversation */,
				1E46BC262549F6D100DED981 /* ConversationList */,
				1E46BC252549F6C600DED981 /* Profile */,
				1E6B8FC1250E319800A5632E /* Logger.swift */,
				1E30F11C250B944100DDF8DC /* AppDelegate.swift */,
				1E4686B42540D72900EFF407 /* FirestoreDataProvider.swift */,
				1E164094252E7A1A00B37DD6 /* RootNavigationController.swift */,
				1EBEF38D251E255900F6E541 /* ConfigurableView.swift */,
				1E30F125250B944700DDF8DC /* Assets.xcassets */,
				1E30F127250B944700DDF8DC /* LaunchScreen.storyboard */,
				1EB5D4952549EBAD00D31945 /* GoogleService-Info.plist */,
				1E30F12A250B944700DDF8DC /* Info.plist */,
			);
			path = ChatApp;
			sourceTree = "<group>";
		};
		1E46BC242549F63A00DED981 /* Models */ = {
			isa = PBXGroup;
			children = (
				1ECC4820253EF51900789DDA /* Channel.swift */,
				1E4686B0254043A700EFF407 /* Message.swift */,
			);
			name = Models;
			sourceTree = "<group>";
		};
		1E46BC252549F6C600DED981 /* Profile */ = {
			isa = PBXGroup;
			children = (
				1E30F120250B944100DDF8DC /* ProfileViewController.swift */,
				1E4686B82540EE4400EFF407 /* ProfileEditImageAlertController.swift */,
				1E4686B62540EB4900EFF407 /* ProfileImagePickerController.swift */,
				1E30F122250B944100DDF8DC /* ProfileViewController.storyboard */,
			);
			name = Profile;
			sourceTree = "<group>";
		};
		1E46BC262549F6D100DED981 /* ConversationList */ = {
			isa = PBXGroup;
			children = (
				1E676A55251DF48200E98C42 /* ConversationsListViewController.swift */,
				1E676A4F251DF38E00E98C42 /* ConversationCell.swift */,
				1E676A50251DF38E00E98C42 /* ConversationCell.xib */,
				1E676A4D251DF28500E98C42 /* ConversationsListViewController.storyboard */,
			);
			name = ConversationList;
			sourceTree = "<group>";
		};
		1E46BC272549F6DE00DED981 /* Conversation */ = {
			isa = PBXGroup;
			children = (
				1EBEF39525212E2700F6E541 /* ConversationViewController.swift */,
				1EBEF39925212FA000F6E541 /* MessageCell.swift */,
				1EBEF39D252270A200F6E541 /* MessageSectionHeader.swift */,
				1ECC481E253DEAD200789DDA /* InputBarView.swift */,
				1E4686B22540C05900EFF407 /* KeyboardInfo.swift */,
				1EBEF39A25212FA000F6E541 /* MessageCell.xib */,
				1ECC481C253DB60900789DDA /* InputBarView.xib */,
				1EBEF39F2522724300F6E541 /* MessageSectionHeader.xib */,
				1EBEF39325212DF100F6E541 /* ConversationViewController.storyboard */,
			);
			name = Conversation;
			sourceTree = "<group>";
		};
		1E772F8A253796B1001A5F8A /* ProfileDataManager */ = {
			isa = PBXGroup;
			children = (
				1E5FFB182524A67900F8187A /* Profile.swift */,
				1E48E60E2534CA9000455C27 /* GCDDataManager.swift */,
				1E772F8B2537973C001A5F8A /* ProfileDataManagerProtocol.swift */,
				1E48E6102534CAA400455C27 /* OperationDataManager.swift */,
			);
			name = ProfileDataManager;
			sourceTree = "<group>";
		};
		1E772F8F25379DB5001A5F8A /* Extensions */ = {
			isa = PBXGroup;
			children = (
				1E49C017253781A30025BB36 /* UITextField+Extensions.swift */,
				1EB5D48E25488CA800D31945 /* Array+Extensions.swift */,
				1E772F8D25379D38001A5F8A /* UIAlertController+Extensions.swift */,
			);
			name = Extensions;
			sourceTree = "<group>";
		};
		1E772F9025379E9A001A5F8A /* Themes */ = {
			isa = PBXGroup;
			children = (
				1E16408E252BA55D00B37DD6 /* ThemesManager.swift */,
				1E16408C252B340700B37DD6 /* ThemesPickerDelegate.swift */,
				1E5FFB1A2527374000F8187A /* ThemesViewController.swift */,
				1E5FFB202527566800F8187A /* ThemesViewController.storyboard */,
			);
			name = Themes;
			sourceTree = "<group>";
		};
		1EA4402D25156A8C00BFC316 /* Fonts */ = {
			isa = PBXGroup;
			children = (
				1EA44025251534BD00BFC316 /* Roboto-Regular.ttf */,
			);
			name = Fonts;
			sourceTree = "<group>";
		};
		708B5A7C57101A52F2ED039B /* Pods */ = {
			isa = PBXGroup;
			children = (
				65B2EF8EDC1FD9B0C9FDAD85 /* Pods-ChatApp.debug.xcconfig */,
				947D0CA18A80459E53EABE33 /* Pods-ChatApp.release.xcconfig */,
			);
			path = Pods;
			sourceTree = "<group>";
		};
		BF24E634F55919F9EB71AE41 /* Frameworks */ = {
			isa = PBXGroup;
			children = (
				8DCB4E99DBAA6BC84E6E2D2E /* Pods_ChatApp.framework */,
			);
			name = Frameworks;
			sourceTree = "<group>";
		};
/* End PBXGroup section */

/* Begin PBXNativeTarget section */
		1E30F118250B944100DDF8DC /* ChatApp */ = {
			isa = PBXNativeTarget;
			buildConfigurationList = 1E30F12D250B944700DDF8DC /* Build configuration list for PBXNativeTarget "ChatApp" */;
			buildPhases = (
				5E72DDA387BE405D490F2339 /* [CP] Check Pods Manifest.lock */,
				1E30F115250B944100DDF8DC /* Sources */,
				1E30F116250B944100DDF8DC /* Frameworks */,
				1E30F117250B944100DDF8DC /* Resources */,
				A9529D54C97DA8FF2E52DB6E /* [CP] Embed Pods Frameworks */,
				1ECC48092539D53300789DDA /* ShellScript */,
			);
			buildRules = (
			);
			dependencies = (
			);
			name = ChatApp;
			productName = ChatApp;
			productReference = 1E30F119250B944100DDF8DC /* ChatApp.app */;
			productType = "com.apple.product-type.application";
		};
/* End PBXNativeTarget section */

/* Begin PBXProject section */
		1E30F111250B944100DDF8DC /* Project object */ = {
			isa = PBXProject;
			attributes = {
				LastSwiftUpdateCheck = 1170;
				LastUpgradeCheck = 1170;
				ORGANIZATIONNAME = "Наталья Мирная";
				TargetAttributes = {
					1E30F118250B944100DDF8DC = {
						CreatedOnToolsVersion = 11.7;
					};
				};
			};
			buildConfigurationList = 1E30F114250B944100DDF8DC /* Build configuration list for PBXProject "ChatApp" */;
			compatibilityVersion = "Xcode 9.3";
			developmentRegion = en;
			hasScannedForEncodings = 0;
			knownRegions = (
				en,
				Base,
			);
			mainGroup = 1E30F110250B944100DDF8DC;
			productRefGroup = 1E30F11A250B944100DDF8DC /* Products */;
			projectDirPath = "";
			projectRoot = "";
			targets = (
				1E30F118250B944100DDF8DC /* ChatApp */,
			);
		};
/* End PBXProject section */

/* Begin PBXResourcesBuildPhase section */
		1E30F117250B944100DDF8DC /* Resources */ = {
			isa = PBXResourcesBuildPhase;
			buildActionMask = 2147483647;
			files = (
				1E676A52251DF38E00E98C42 /* ConversationCell.xib in Resources */,
				1E30F129250B944700DDF8DC /* LaunchScreen.storyboard in Resources */,
				1E30F126250B944700DDF8DC /* Assets.xcassets in Resources */,
				1E676A4E251DF28500E98C42 /* ConversationsListViewController.storyboard in Resources */,
				1EA44026251534BD00BFC316 /* Roboto-Regular.ttf in Resources */,
				1EB5D4962549EBAD00D31945 /* GoogleService-Info.plist in Resources */,
				1ECC481D253DB60900789DDA /* InputBarView.xib in Resources */,
				1EBEF39C25212FA000F6E541 /* MessageCell.xib in Resources */,
				1E5FFB212527566800F8187A /* ThemesViewController.storyboard in Resources */,
				1EBEF3A02522724300F6E541 /* MessageSectionHeader.xib in Resources */,
				1EBEF39425212DF100F6E541 /* ConversationViewController.storyboard in Resources */,
				1E30F124250B944100DDF8DC /* ProfileViewController.storyboard in Resources */,
			);
			runOnlyForDeploymentPostprocessing = 0;
		};
/* End PBXResourcesBuildPhase section */

/* Begin PBXShellScriptBuildPhase section */
		1ECC48092539D53300789DDA /* ShellScript */ = {
			isa = PBXShellScriptBuildPhase;
			buildActionMask = 2147483647;
			files = (
			);
			inputFileListPaths = (
			);
			inputPaths = (
			);
			outputFileListPaths = (
			);
			outputPaths = (
			);
			runOnlyForDeploymentPostprocessing = 0;
			shellPath = /bin/sh;
			shellScript = "# Type a script or drag a script file from your workspace to insert its path.\nif which \"${PODS_ROOT}/SwiftLint/swiftlint\" >/dev/null; then\n  \"${PODS_ROOT}/SwiftLint/swiftlint\"\nelse\n  echo \"error: SwiftLint does not exist, download it from https://github.com/realm/SwiftLint\"\n  exit 1\nfi\n";
		};
		5E72DDA387BE405D490F2339 /* [CP] Check Pods Manifest.lock */ = {
			isa = PBXShellScriptBuildPhase;
			buildActionMask = 2147483647;
			files = (
			);
			inputFileListPaths = (
			);
			inputPaths = (
				"${PODS_PODFILE_DIR_PATH}/Podfile.lock",
				"${PODS_ROOT}/Manifest.lock",
			);
			name = "[CP] Check Pods Manifest.lock";
			outputFileListPaths = (
			);
			outputPaths = (
				"$(DERIVED_FILE_DIR)/Pods-ChatApp-checkManifestLockResult.txt",
			);
			runOnlyForDeploymentPostprocessing = 0;
			shellPath = /bin/sh;
			shellScript = "diff \"${PODS_PODFILE_DIR_PATH}/Podfile.lock\" \"${PODS_ROOT}/Manifest.lock\" > /dev/null\nif [ $? != 0 ] ; then\n    # print error to STDERR\n    echo \"error: The sandbox is not in sync with the Podfile.lock. Run 'pod install' or update your CocoaPods installation.\" >&2\n    exit 1\nfi\n# This output is used by Xcode 'outputs' to avoid re-running this script phase.\necho \"SUCCESS\" > \"${SCRIPT_OUTPUT_FILE_0}\"\n";
			showEnvVarsInLog = 0;
		};
		A9529D54C97DA8FF2E52DB6E /* [CP] Embed Pods Frameworks */ = {
			isa = PBXShellScriptBuildPhase;
			buildActionMask = 2147483647;
			files = (
			);
			inputFileListPaths = (
				"${PODS_ROOT}/Target Support Files/Pods-ChatApp/Pods-ChatApp-frameworks-${CONFIGURATION}-input-files.xcfilelist",
			);
			name = "[CP] Embed Pods Frameworks";
			outputFileListPaths = (
				"${PODS_ROOT}/Target Support Files/Pods-ChatApp/Pods-ChatApp-frameworks-${CONFIGURATION}-output-files.xcfilelist",
			);
			runOnlyForDeploymentPostprocessing = 0;
			shellPath = /bin/sh;
			shellScript = "\"${PODS_ROOT}/Target Support Files/Pods-ChatApp/Pods-ChatApp-frameworks.sh\"\n";
			showEnvVarsInLog = 0;
		};
/* End PBXShellScriptBuildPhase section */

/* Begin PBXSourcesBuildPhase section */
		1E30F115250B944100DDF8DC /* Sources */ = {
			isa = PBXSourcesBuildPhase;
			buildActionMask = 2147483647;
			files = (
				1E16408D252B340700B37DD6 /* ThemesPickerDelegate.swift in Sources */,
				1E676A51251DF38E00E98C42 /* ConversationCell.swift in Sources */,
				1E1ECB7D2546E69700A13FF7 /* MessageDB.swift in Sources */,
				1E4686B92540EE4400EFF407 /* ProfileEditImageAlertController.swift in Sources */,
				1E1ECB6C2546DCA800A13FF7 /* CoreDataStack.swift in Sources */,
				1E4686B32540C05A00EFF407 /* KeyboardInfo.swift in Sources */,
				1E1ECB7F2546E6A100A13FF7 /* ChannelDB.swift in Sources */,
				1E772F8E25379D38001A5F8A /* UIAlertController+Extensions.swift in Sources */,
				1ECC4821253EF51900789DDA /* Channel.swift in Sources */,
				1EB5D48F25488CA800D31945 /* Array+Extensions.swift in Sources */,
				1E4686B72540EB4900EFF407 /* ProfileImagePickerController.swift in Sources */,
				1E16408F252BA55D00B37DD6 /* ThemesManager.swift in Sources */,
				1E49C018253781A30025BB36 /* UITextField+Extensions.swift in Sources */,
				1E5FFB192524A67900F8187A /* Profile.swift in Sources */,
				1EBEF39B25212FA000F6E541 /* MessageCell.swift in Sources */,
				1E164095252E7A1A00B37DD6 /* RootNavigationController.swift in Sources */,
				1E1ECB6F2546DCCB00A13FF7 /* Chat.xcdatamodeld in Sources */,
				1E772F8C2537973C001A5F8A /* ProfileDataManagerProtocol.swift in Sources */,
				1ECC481F253DEAD200789DDA /* InputBarView.swift in Sources */,
				1E676A56251DF48200E98C42 /* ConversationsListViewController.swift in Sources */,
				1EBEF39E252270A200F6E541 /* MessageSectionHeader.swift in Sources */,
				1EBEF39625212E2700F6E541 /* ConversationViewController.swift in Sources */,
				1E30F121250B944100DDF8DC /* ProfileViewController.swift in Sources */,
				1EBEF38E251E255900F6E541 /* ConfigurableView.swift in Sources */,
				1E4686B1254043A700EFF407 /* Message.swift in Sources */,
				1E5FFB1B2527374000F8187A /* ThemesViewController.swift in Sources */,
				1E48E60F2534CA9000455C27 /* GCDDataManager.swift in Sources */,
				1E48E6112534CAA400455C27 /* OperationDataManager.swift in Sources */,
				1E6B8FC2250E319800A5632E /* Logger.swift in Sources */,
				1E4686B52540D72900EFF407 /* FirestoreDataProvider.swift in Sources */,
				1EB5D4912548A8EE00D31945 /* NSManagedObjectDescriptionProtocol.swift in Sources */,
				1E30F11D250B944100DDF8DC /* AppDelegate.swift in Sources */,
			);
			runOnlyForDeploymentPostprocessing = 0;
		};
/* End PBXSourcesBuildPhase section */

/* Begin PBXVariantGroup section */
		1E30F122250B944100DDF8DC /* ProfileViewController.storyboard */ = {
			isa = PBXVariantGroup;
			children = (
				1E30F123250B944100DDF8DC /* Base */,
			);
			name = ProfileViewController.storyboard;
			sourceTree = "<group>";
		};
		1E30F127250B944700DDF8DC /* LaunchScreen.storyboard */ = {
			isa = PBXVariantGroup;
			children = (
				1E30F128250B944700DDF8DC /* Base */,
			);
			name = LaunchScreen.storyboard;
			sourceTree = "<group>";
		};
/* End PBXVariantGroup section */

/* Begin XCBuildConfiguration section */
		1E30F12B250B944700DDF8DC /* Debug */ = {
			isa = XCBuildConfiguration;
			buildSettings = {
				ALWAYS_SEARCH_USER_PATHS = NO;
				CLANG_ANALYZER_NONNULL = YES;
				CLANG_ANALYZER_NUMBER_OBJECT_CONVERSION = YES_AGGRESSIVE;
				CLANG_CXX_LANGUAGE_STANDARD = "gnu++14";
				CLANG_CXX_LIBRARY = "libc++";
				CLANG_ENABLE_MODULES = YES;
				CLANG_ENABLE_OBJC_ARC = YES;
				CLANG_ENABLE_OBJC_WEAK = YES;
				CLANG_WARN_BLOCK_CAPTURE_AUTORELEASING = YES;
				CLANG_WARN_BOOL_CONVERSION = YES;
				CLANG_WARN_COMMA = YES;
				CLANG_WARN_CONSTANT_CONVERSION = YES;
				CLANG_WARN_DEPRECATED_OBJC_IMPLEMENTATIONS = YES;
				CLANG_WARN_DIRECT_OBJC_ISA_USAGE = YES_ERROR;
				CLANG_WARN_DOCUMENTATION_COMMENTS = YES;
				CLANG_WARN_EMPTY_BODY = YES;
				CLANG_WARN_ENUM_CONVERSION = YES;
				CLANG_WARN_INFINITE_RECURSION = YES;
				CLANG_WARN_INT_CONVERSION = YES;
				CLANG_WARN_NON_LITERAL_NULL_CONVERSION = YES;
				CLANG_WARN_OBJC_IMPLICIT_RETAIN_SELF = YES;
				CLANG_WARN_OBJC_LITERAL_CONVERSION = YES;
				CLANG_WARN_OBJC_ROOT_CLASS = YES_ERROR;
				CLANG_WARN_RANGE_LOOP_ANALYSIS = YES;
				CLANG_WARN_STRICT_PROTOTYPES = YES;
				CLANG_WARN_SUSPICIOUS_MOVE = YES;
				CLANG_WARN_UNGUARDED_AVAILABILITY = YES_AGGRESSIVE;
				CLANG_WARN_UNREACHABLE_CODE = YES;
				CLANG_WARN__DUPLICATE_METHOD_MATCH = YES;
				COPY_PHASE_STRIP = NO;
				DEBUG_INFORMATION_FORMAT = dwarf;
				ENABLE_STRICT_OBJC_MSGSEND = YES;
				ENABLE_TESTABILITY = YES;
				GCC_C_LANGUAGE_STANDARD = gnu11;
				GCC_DYNAMIC_NO_PIC = NO;
				GCC_NO_COMMON_BLOCKS = YES;
				GCC_OPTIMIZATION_LEVEL = 0;
				GCC_PREPROCESSOR_DEFINITIONS = (
					"DEBUG=1",
					"$(inherited)",
				);
				GCC_WARN_64_TO_32_BIT_CONVERSION = YES;
				GCC_WARN_ABOUT_RETURN_TYPE = YES_ERROR;
				GCC_WARN_UNDECLARED_SELECTOR = YES;
				GCC_WARN_UNINITIALIZED_AUTOS = YES_AGGRESSIVE;
				GCC_WARN_UNUSED_FUNCTION = YES;
				GCC_WARN_UNUSED_VARIABLE = YES;
				IPHONEOS_DEPLOYMENT_TARGET = 12.0;
				MTL_ENABLE_DEBUG_INFO = INCLUDE_SOURCE;
				MTL_FAST_MATH = YES;
				ONLY_ACTIVE_ARCH = YES;
				SDKROOT = iphoneos;
				SWIFT_ACTIVE_COMPILATION_CONDITIONS = DEBUG;
				SWIFT_OPTIMIZATION_LEVEL = "-Onone";
			};
			name = Debug;
		};
		1E30F12C250B944700DDF8DC /* Release */ = {
			isa = XCBuildConfiguration;
			buildSettings = {
				ALWAYS_SEARCH_USER_PATHS = NO;
				CLANG_ANALYZER_NONNULL = YES;
				CLANG_ANALYZER_NUMBER_OBJECT_CONVERSION = YES_AGGRESSIVE;
				CLANG_CXX_LANGUAGE_STANDARD = "gnu++14";
				CLANG_CXX_LIBRARY = "libc++";
				CLANG_ENABLE_MODULES = YES;
				CLANG_ENABLE_OBJC_ARC = YES;
				CLANG_ENABLE_OBJC_WEAK = YES;
				CLANG_WARN_BLOCK_CAPTURE_AUTORELEASING = YES;
				CLANG_WARN_BOOL_CONVERSION = YES;
				CLANG_WARN_COMMA = YES;
				CLANG_WARN_CONSTANT_CONVERSION = YES;
				CLANG_WARN_DEPRECATED_OBJC_IMPLEMENTATIONS = YES;
				CLANG_WARN_DIRECT_OBJC_ISA_USAGE = YES_ERROR;
				CLANG_WARN_DOCUMENTATION_COMMENTS = YES;
				CLANG_WARN_EMPTY_BODY = YES;
				CLANG_WARN_ENUM_CONVERSION = YES;
				CLANG_WARN_INFINITE_RECURSION = YES;
				CLANG_WARN_INT_CONVERSION = YES;
				CLANG_WARN_NON_LITERAL_NULL_CONVERSION = YES;
				CLANG_WARN_OBJC_IMPLICIT_RETAIN_SELF = YES;
				CLANG_WARN_OBJC_LITERAL_CONVERSION = YES;
				CLANG_WARN_OBJC_ROOT_CLASS = YES_ERROR;
				CLANG_WARN_RANGE_LOOP_ANALYSIS = YES;
				CLANG_WARN_STRICT_PROTOTYPES = YES;
				CLANG_WARN_SUSPICIOUS_MOVE = YES;
				CLANG_WARN_UNGUARDED_AVAILABILITY = YES_AGGRESSIVE;
				CLANG_WARN_UNREACHABLE_CODE = YES;
				CLANG_WARN__DUPLICATE_METHOD_MATCH = YES;
				COPY_PHASE_STRIP = NO;
				DEBUG_INFORMATION_FORMAT = "dwarf-with-dsym";
				ENABLE_NS_ASSERTIONS = NO;
				ENABLE_STRICT_OBJC_MSGSEND = YES;
				GCC_C_LANGUAGE_STANDARD = gnu11;
				GCC_NO_COMMON_BLOCKS = YES;
				GCC_WARN_64_TO_32_BIT_CONVERSION = YES;
				GCC_WARN_ABOUT_RETURN_TYPE = YES_ERROR;
				GCC_WARN_UNDECLARED_SELECTOR = YES;
				GCC_WARN_UNINITIALIZED_AUTOS = YES_AGGRESSIVE;
				GCC_WARN_UNUSED_FUNCTION = YES;
				GCC_WARN_UNUSED_VARIABLE = YES;
				IPHONEOS_DEPLOYMENT_TARGET = 12.0;
				MTL_ENABLE_DEBUG_INFO = NO;
				MTL_FAST_MATH = YES;
				SDKROOT = iphoneos;
				SWIFT_COMPILATION_MODE = wholemodule;
				SWIFT_OPTIMIZATION_LEVEL = "-O";
				VALIDATE_PRODUCT = YES;
			};
			name = Release;
		};
		1E30F12E250B944700DDF8DC /* Debug */ = {
			isa = XCBuildConfiguration;
			baseConfigurationReference = 65B2EF8EDC1FD9B0C9FDAD85 /* Pods-ChatApp.debug.xcconfig */;
			buildSettings = {
				ASSETCATALOG_COMPILER_APPICON_NAME = AppIcon;
				CODE_SIGN_STYLE = Automatic;
				DEVELOPMENT_TEAM = 9Q377U5Z8M;
				INFOPLIST_FILE = ChatApp/Info.plist;
				LD_RUNPATH_SEARCH_PATHS = (
					"$(inherited)",
					"@executable_path/Frameworks",
				);
				PRODUCT_BUNDLE_IDENTIFIER = ru.tinkoff.TinkoffChat;
				PRODUCT_NAME = "$(TARGET_NAME)";
				SWIFT_VERSION = 5.0;
				TARGETED_DEVICE_FAMILY = 1;
			};
			name = Debug;
		};
		1E30F12F250B944700DDF8DC /* Release */ = {
			isa = XCBuildConfiguration;
			baseConfigurationReference = 947D0CA18A80459E53EABE33 /* Pods-ChatApp.release.xcconfig */;
			buildSettings = {
				ASSETCATALOG_COMPILER_APPICON_NAME = AppIcon;
				CODE_SIGN_STYLE = Automatic;
				DEVELOPMENT_TEAM = 9Q377U5Z8M;
				INFOPLIST_FILE = ChatApp/Info.plist;
				LD_RUNPATH_SEARCH_PATHS = (
					"$(inherited)",
					"@executable_path/Frameworks",
				);
				PRODUCT_BUNDLE_IDENTIFIER = ru.tinkoff.TinkoffChat;
				PRODUCT_NAME = "$(TARGET_NAME)";
				SWIFT_VERSION = 5.0;
				TARGETED_DEVICE_FAMILY = 1;
			};
			name = Release;
		};
/* End XCBuildConfiguration section */

/* Begin XCConfigurationList section */
		1E30F114250B944100DDF8DC /* Build configuration list for PBXProject "ChatApp" */ = {
			isa = XCConfigurationList;
			buildConfigurations = (
				1E30F12B250B944700DDF8DC /* Debug */,
				1E30F12C250B944700DDF8DC /* Release */,
			);
			defaultConfigurationIsVisible = 0;
			defaultConfigurationName = Release;
		};
		1E30F12D250B944700DDF8DC /* Build configuration list for PBXNativeTarget "ChatApp" */ = {
			isa = XCConfigurationList;
			buildConfigurations = (
				1E30F12E250B944700DDF8DC /* Debug */,
				1E30F12F250B944700DDF8DC /* Release */,
			);
			defaultConfigurationIsVisible = 0;
			defaultConfigurationName = Release;
		};
/* End XCConfigurationList section */

/* Begin XCVersionGroup section */
		1E1ECB6D2546DCCB00A13FF7 /* Chat.xcdatamodeld */ = {
			isa = XCVersionGroup;
			children = (
				1E1ECB6E2546DCCB00A13FF7 /* Chat.xcdatamodel */,
			);
			currentVersion = 1E1ECB6E2546DCCB00A13FF7 /* Chat.xcdatamodel */;
			path = Chat.xcdatamodeld;
			sourceTree = "<group>";
			versionGroupType = wrapper.xcdatamodel;
		};
/* End XCVersionGroup section */
	};
	rootObject = 1E30F111250B944100DDF8DC /* Project object */;
}
